
Microsoft Visual Studio Solution File, Format Version 12.00
# Visual Studio Version 17
VisualStudioVersion = 17.0.31903.59
MinimumVisualStudioVersion = 10.0.40219.1
Project("{FAE04EC0-301F-11D3-BF4B-00C04F79EFBC}") = "DialogResultApp", "DialogResultApp.csproj", "{01A93286-EB4A-4DA4-B5B9-E8357F64361D}"
EndProject
Global
	GlobalSection(SolutionConfigurationPlatforms) = preSolution
		Debug|Any CPU = Debug|Any CPU
		Release|Any CPU = Release|Any CPU
	EndGlobalSection
	GlobalSection(ProjectConfigurationPlatforms) = postSolution
		{01A93286-EB4A-4DA4-B5B9-E8357F64361D}.Debug|Any CPU.ActiveCfg = Debug|Any CPU
		{01A93286-EB4A-4DA4-B5B9-E8357F64361D}.Debug|Any CPU.Build.0 = Debug|Any CPU
		{01A93286-EB4A-4DA4-B5B9-E8357F64361D}.Release|Any CPU.ActiveCfg = Release|Any CPU
		{01A93286-EB4A-4DA4-B5B9-E8357F64361D}.Release|Any CPU.Build.0 = Release|Any CPU
	EndGlobalSection
	GlobalSection(SolutionProperties) = preSolution
		HideSolutionNode = FALSE
	EndGlobalSection
	GlobalSection(ExtensibilityGlobals) = postSolution
		SolutionGuid = {A56C1403-28C3-410A-8A78-9B9EBE80221F}
	EndGlobalSection
EndGlobal
